
Microsoft Visual Studio Solution File, Format Version 12.00
# Visual Studio Version 18
VisualStudioVersion = 18.7.11925.98
MinimumVisualStudioVersion = 10.0.40219.1
Project("{9A19103F-16F7-4668-BE54-9A1E7A4F7556}") = "MetaFac.Standard.ISO4217", "MetaFac.Standard.ISO4217\MetaFac.Standard.ISO4217.csproj", "{430CB539-49DF-4DAE-9ED8-E598565BEBFA}"
EndProject
Project("{9A19103F-16F7-4668-BE54-9A1E7A4F7556}") = "MetaFac.Standard.ISO4217.Tests", "MetaFac.Standard.ISO4217.Tests\MetaFac.Standard.ISO4217.Tests.csproj", "{7846DFF3-E191-4A59-9941-124E7F323A15}"
EndProject
Project("{2150E333-8FDC-42A3-9474-1A3956D46DE8}") = "Solution Items", "Solution Items", "{12F13AB0-6D24-4EA1-A418-ADC72A210B2E}"
	ProjectSection(SolutionItems) = preProject
		.gitignore = .gitignore
		.github\workflows\dotnet.yml = .github\workflows\dotnet.yml
		projscan.json = projscan.json
		README.md = README.md
		SigningKey.snk = SigningKey.snk
		version.json = version.json
	EndProjectSection
EndProject
Global
	GlobalSection(SolutionConfigurationPlatforms) = preSolution
		Debug|Any CPU = Debug|Any CPU
		Release|Any CPU = Release|Any CPU
	EndGlobalSection
	GlobalSection(ProjectConfigurationPlatforms) = postSolution
		{430CB539-49DF-4DAE-9ED8-E598565BEBFA}.Debug|Any CPU.ActiveCfg = Debug|Any CPU
		{430CB539-49DF-4DAE-9ED8-E598565BEBFA}.Debug|Any CPU.Build.0 = Debug|Any CPU
		{430CB539-49DF-4DAE-9ED8-E598565BEBFA}.Release|Any CPU.ActiveCfg = Release|Any CPU
		{430CB539-49DF-4DAE-9ED8-E598565BEBFA}.Release|Any CPU.Build.0 = Release|Any CPU
		{7846DFF3-E191-4A59-9941-124E7F323A15}.Debug|Any CPU.ActiveCfg = Debug|Any CPU
		{7846DFF3-E191-4A59-9941-124E7F323A15}.Debug|Any CPU.Build.0 = Debug|Any CPU
		{7846DFF3-E191-4A59-9941-124E7F323A15}.Release|Any CPU.ActiveCfg = Release|Any CPU
		{7846DFF3-E191-4A59-9941-124E7F323A15}.Release|Any CPU.Build.0 = Release|Any CPU
	EndGlobalSection
	GlobalSection(SolutionProperties) = preSolution
		HideSolutionNode = FALSE
	EndGlobalSection
	GlobalSection(ExtensibilityGlobals) = postSolution
		SolutionGuid = {4BAC483C-5E3E-4A0B-B1BE-5ACAC7854D67}
	EndGlobalSection
EndGlobal
